// !$*UTF8*$!
{
	archiveVersion = 1;
	classes = {
	};
	objectVersion = 56;
	objects = {

/* Begin PBXBuildFile section */
		2510BAC62DC14E6BB4B7B982 /* Pods_Realm_Learning.framework in Frameworks */ = {isa = PBXBuildFile; fileRef = 821B80C17FB1BD2D2B0C84B2 /* Pods_Realm_Learning.framework */; };
		5C40FF072A4E73890044F41B /* AppDelegate.swift in Sources */ = {isa = PBXBuildFile; fileRef = 5C40FF062A4E73890044F41B /* AppDelegate.swift */; };
		5C40FF092A4E73890044F41B /* SceneDelegate.swift in Sources */ = {isa = PBXBuildFile; fileRef = 5C40FF082A4E73890044F41B /* SceneDelegate.swift */; };
		5C40FF0B2A4E73890044F41B /* ViewController.swift in Sources */ = {isa = PBXBuildFile; fileRef = 5C40FF0A2A4E73890044F41B /* ViewController.swift */; };
		5C40FF0E2A4E73890044F41B /* Main.storyboard in Resources */ = {isa = PBXBuildFile; fileRef = 5C40FF0C2A4E73890044F41B /* Main.storyboard */; };
		5C40FF102A4E738A0044F41B /* Assets.xcassets in Resources */ = {isa = PBXBuildFile; fileRef = 5C40FF0F2A4E738A0044F41B /* Assets.xcassets */; };
		5C40FF132A4E738A0044F41B /* LaunchScreen.storyboard in Resources */ = {isa = PBXBuildFile; fileRef = 5C40FF112A4E738A0044F41B /* LaunchScreen.storyboard */; };
/* End PBXBuildFile section */

/* Begin PBXFileReference section */
		5C40FF032A4E73890044F41B /* Realm-Learning.app */ = {isa = PBXFileReference; explicitFileType = wrapper.application; includeInIndex = 0; path = "Realm-Learning.app"; sourceTree = BUILT_PRODUCTS_DIR; };
		5C40FF062A4E73890044F41B /* AppDelegate.swift */ = {isa = PBXFileReference; lastKnownFileType = sourcecode.swift; path = AppDelegate.swift; sourceTree = "<group>"; };
		5C40FF082A4E73890044F41B /* SceneDelegate.swift */ = {isa = PBXFileReference; lastKnownFileType = sourcecode.swift; path = SceneDelegate.swift; sourceTree = "<group>"; };
		5C40FF0A2A4E73890044F41B /* ViewController.swift */ = {isa = PBXFileReference; lastKnownFileType = sourcecode.swift; path = ViewController.swift; sourceTree = "<group>"; };
		5C40FF0D2A4E73890044F41B /* Base */ = {isa = PBXFileReference; lastKnownFileType = file.storyboard; name = Base; path = Base.lproj/Main.storyboard; sourceTree = "<group>"; };
		5C40FF0F2A4E738A0044F41B /* Assets.xcassets */ = {isa = PBXFileReference; lastKnownFileType = folder.assetcatalog; path = Assets.xcassets; sourceTree = "<group>"; };
		5C40FF122A4E738A0044F41B /* Base */ = {isa = PBXFileReference; lastKnownFileType = file.storyboard; name = Base; path = Base.lproj/LaunchScreen.storyboard; sourceTree = "<group>"; };
		5C40FF142A4E738A0044F41B /* Info.plist */ = {isa = PBXFileReference; lastKnownFileType = text.plist.xml; path = Info.plist; sourceTree = "<group>"; };
		821B80C17FB1BD2D2B0C84B2 /* Pods_Realm_Learning.framework */ = {isa = PBXFileReference; explicitFileType = wrapper.framework; includeInIndex = 0; path = Pods_Realm_Learning.framework; sourceTree = BUILT_PRODUCTS_DIR; };
		C01D4295B09C5252016D9AE6 /* Pods-Realm-Learning.release.xcconfig */ = {isa = PBXFileReference; includeInIndex = 1; lastKnownFileType = text.xcconfig; name = "Pods-Realm-Learning.release.xcconfig"; path = "Target Support Files/Pods-Realm-Learning/Pods-Realm-Learning.release.xcconfig"; sourceTree = "<group>"; };
		D484F87710FD0763C9C23DC7 /* Pods-Realm-Learning.debug.xcconfig */ = {isa = PBXFileReference; includeInIndex = 1; lastKnownFileType = text.xcconfig; name = "Pods-Realm-Learning.debug.xcconfig"; path = "Target Support Files/Pods-Realm-Learning/Pods-Realm-Learning.debug.xcconfig"; sourceTree = "<group>"; };
/* End PBXFileReference section */

/* Begin PBXFrameworksBuildPhase section */
		5C40FF002A4E73890044F41B /* Frameworks */ = {
			isa = PBXFrameworksBuildPhase;
			buildActionMask = 2147483647;
			files = (
				2510BAC62DC14E6BB4B7B982 /* Pods_Realm_Learning.framework in Frameworks */,
			);
			runOnlyForDeploymentPostprocessing = 0;
		};
/* End PBXFrameworksBuildPhase section */

/* Begin PBXGroup section */
		13B8006E5FBCA7C8630BC697 /* Frameworks */ = {
			isa = PBXGroup;
			children = (
				821B80C17FB1BD2D2B0C84B2 /* Pods_Realm_Learning.framework */,
			);
			name = Frameworks;
			sourceTree = "<group>";
		};
		5C40FEFA2A4E73890044F41B = {
			isa = PBXGroup;
			children = (
				5C40FF052A4E73890044F41B /* Realm-Learning */,
				5C40FF042A4E73890044F41B /* Products */,
				A98BCFEE5A9A65A09D63948D /* Pods */,
				13B8006E5FBCA7C8630BC697 /* Frameworks */,
			);
			sourceTree = "<group>";
		};
		5C40FF042A4E73890044F41B /* Products */ = {
			isa = PBXGroup;
			children = (
				5C40FF032A4E73890044F41B /* Realm-Learning.app */,
			);
			name = Products;
			sourceTree = "<group>";
		};
		5C40FF052A4E73890044F41B /* Realm-Learning */ = {
			isa = PBXGroup;
			children = (
				5C40FF062A4E73890044F41B /* AppDelegate.swift */,
				5C40FF082A4E73890044F41B /* SceneDelegate.swift */,
				5C40FF0A2A4E73890044F41B /* ViewController.swift */,
				5C40FF0C2A4E73890044F41B /* Main.storyboard */,
				5C40FF0F2A4E738A0044F41B /* Assets.xcassets */,
				5C40FF112A4E738A0044F41B /* LaunchScreen.storyboard */,
				5C40FF142A4E738A0044F41B /* Info.plist */,
			);
			path = "Realm-Learning";
			sourceTree = "<group>";
		};
		A98BCFEE5A9A65A09D63948D /* Pods */ = {
			isa = PBXGroup;
			children = (
				D484F87710FD0763C9C23DC7 /* Pods-Realm-Learning.debug.xcconfig */,
				C01D4295B09C5252016D9AE6 /* Pods-Realm-Learning.release.xcconfig */,
			);
			name = Pods;
			path = Pods;
			sourceTree = "<group>";
		};
/* End PBXGroup section */

/* Begin PBXNativeTarget section */
		5C40FF022A4E73890044F41B /* Realm-Learning */ = {
			isa = PBXNativeTarget;
			buildConfigurationList = 5C40FF172A4E738A0044F41B /* Build configuration list for PBXNativeTarget "Realm-Learning" */;
			buildPhases = (
				30B47954C2A44F0F1FAB82DE /* [CP] Check Pods Manifest.lock */,
				5C40FEFF2A4E73890044F41B /* Sources */,
				5C40FF002A4E73890044F41B /* Frameworks */,
				5C40FF012A4E73890044F41B /* Resources */,
				FC9F18ADADC5D041355B9020 /* [CP] Embed Pods Frameworks */,
			);
			buildRules = (
			);
			dependencies = (
			);
			name = "Realm-Learning";
			productName = "Realm-Learning";
			productReference = 5C40FF032A4E73890044F41B /* Realm-Learning.app */;
			productType = "com.apple.product-type.application";
		};
/* End PBXNativeTarget section */

/* Begin PBXProject section */
		5C40FEFB2A4E73890044F41B /* Project object */ = {
			isa = PBXProject;
			attributes = {
				BuildIndependentTargetsInParallel = 1;
				LastSwiftUpdateCheck = 1420;
				LastUpgradeCheck = 1420;
				TargetAttributes = {
					5C40FF022A4E73890044F41B = {
						CreatedOnToolsVersion = 14.2;
					};
				};
			};
			buildConfigurationList = 5C40FEFE2A4E73890044F41B /* Build configuration list for PBXProject "Realm-Learning" */;
			compatibilityVersion = "Xcode 14.0";
			developmentRegion = en;
			hasScannedForEncodings = 0;
			knownRegions = (
				en,
				Base,
			);
			mainGroup = 5C40FEFA2A4E73890044F41B;
			productRefGroup = 5C40FF042A4E73890044F41B /* Products */;
			projectDirPath = "";
			projectRoot = "";
			targets = (
				5C40FF022A4E73890044F41B /* Realm-Learning */,
			);
		};
/* End PBXProject section */

/* Begin PBXResourcesBuildPhase section */
		5C40FF012A4E73890044F41B /* Resources */ = {
			isa = PBXResourcesBuildPhase;
			buildActionMask = 2147483647;
			files = (
				5C40FF132A4E738A0044F41B /* LaunchScreen.storyboard in Resources */,
				5C40FF102A4E738A0044F41B /* Assets.xcassets in Resources */,
				5C40FF0E2A4E73890044F41B /* Main.storyboard in Resources */,
			);
			runOnlyForDeploymentPostprocessing = 0;
		};
/* End PBXResourcesBuildPhase section */

/* Begin PBXShellScriptBuildPhase section */
		30B47954C2A44F0F1FAB82DE /* [CP] Check Pods Manifest.lock */ = {
			isa = PBXShellScriptBuildPhase;
			buildActionMask = 2147483647;
			files = (
			);
			inputFileListPaths = (
			);
			inputPaths = (
				"${PODS_PODFILE_DIR_PATH}/Podfile.lock",
				"${PODS_ROOT}/Manifest.lock",
			);
			name = "[CP] Check Pods Manifest.lock";
			outputFileListPaths = (
			);
			outputPaths = (
				"$(DERIVED_FILE_DIR)/Pods-Realm-Learning-checkManifestLockResult.txt",
			);
			runOnlyForDeploymentPostprocessing = 0;
			shellPath = /bin/sh;
			shellScript = "diff \"${PODS_PODFILE_DIR_PATH}/Podfile.lock\" \"${PODS_ROOT}/Manifest.lock\" > /dev/null\nif [ $? != 0 ] ; then\n    # print error to STDERR\n    echo \"error: The sandbox is not in sync with the Podfile.lock. Run 'pod install' or update your CocoaPods installation.\" >&2\n    exit 1\nfi\n# This output is used by Xcode 'outputs' to avoid re-running this script phase.\necho \"SUCCESS\" > \"${SCRIPT_OUTPUT_FILE_0}\"\n";
			showEnvVarsInLog = 0;
		};
		FC9F18ADADC5D041355B9020 /* [CP] Embed Pods Frameworks */ = {
			isa = PBXShellScriptBuildPhase;
			buildActionMask = 2147483647;
			files = (
			);
			inputFileListPaths = (
				"${PODS_ROOT}/Target Support Files/Pods-Realm-Learning/Pods-Realm-Learning-frameworks-${CONFIGURATION}-input-files.xcfilelist",
			);
			name = "[CP] Embed Pods Frameworks";
			outputFileListPaths = (
				"${PODS_ROOT}/Target Support Files/Pods-Realm-Learning/Pods-Realm-Learning-frameworks-${CONFIGURATION}-output-files.xcfilelist",
			);
			runOnlyForDeploymentPostprocessing = 0;
			shellPath = /bin/sh;
			shellScript = "\"${PODS_ROOT}/Target Support Files/Pods-Realm-Learning/Pods-Realm-Learning-frameworks.sh\"\n";
			showEnvVarsInLog = 0;
		};
/* End PBXShellScriptBuildPhase section */

/* Begin PBXSourcesBuildPhase section */
		5C40FEFF2A4E73890044F41B /* Sources */ = {
			isa = PBXSourcesBuildPhase;
			buildActionMask = 2147483647;
			files = (
				5C40FF0B2A4E73890044F41B /* ViewController.swift in Sources */,
				5C40FF072A4E73890044F41B /* AppDelegate.swift in Sources */,
				5C40FF092A4E73890044F41B /* SceneDelegate.swift in Sources */,
			);
			runOnlyForDeploymentPostprocessing = 0;
		};
/* End PBXSourcesBuildPhase section */

/* Begin PBXVariantGroup section */
		5C40FF0C2A4E73890044F41B /* Main.storyboard */ = {
			isa = PBXVariantGroup;
			children = (
				5C40FF0D2A4E73890044F41B /* Base */,
			);
			name = Main.storyboard;
			sourceTree = "<group>";
		};
		5C40FF112A4E738A0044F41B /* LaunchScreen.storyboard */ = {
			isa = PBXVariantGroup;
			children = (
				5C40FF122A4E738A0044F41B /* Base */,
			);
			name = LaunchScreen.storyboard;
			sourceTree = "<group>";
		};
/* End PBXVariantGroup section */

/* Begin XCBuildConfiguration section */
		5C40FF152A4E738A0044F41B /* Debug */ = {
			isa = XCBuildConfiguration;
			buildSettings = {
				ALWAYS_SEARCH_USER_PATHS = NO;
				CLANG_ANALYZER_NONNULL = YES;
				CLANG_ANALYZER_NUMBER_OBJECT_CONVERSION = YES_AGGRESSIVE;
				CLANG_CXX_LANGUAGE_STANDARD = "gnu++20";
				CLANG_ENABLE_MODULES = YES;
				CLANG_ENABLE_OBJC_ARC = YES;
				CLANG_ENABLE_OBJC_WEAK = YES;
				CLANG_WARN_BLOCK_CAPTURE_AUTORELEASING = YES;
				CLANG_WARN_BOOL_CONVERSION = YES;
				CLANG_WARN_COMMA = YES;
				CLANG_WARN_CONSTANT_CONVERSION = YES;
				CLANG_WARN_DEPRECATED_OBJC_IMPLEMENTATIONS = YES;
				CLANG_WARN_DIRECT_OBJC_ISA_USAGE = YES_ERROR;
				CLANG_WARN_DOCUMENTATION_COMMENTS = YES;
				CLANG_WARN_EMPTY_BODY = YES;
				CLANG_WARN_ENUM_CONVERSION = YES;
				CLANG_WARN_INFINITE_RECURSION = YES;
				CLANG_WARN_INT_CONVERSION = YES;
				CLANG_WARN_NON_LITERAL_NULL_CONVERSION = YES;
				CLANG_WARN_OBJC_IMPLICIT_RETAIN_SELF = YES;
				CLANG_WARN_OBJC_LITERAL_CONVERSION = YES;
				CLANG_WARN_OBJC_ROOT_CLASS = YES_ERROR;
				CLANG_WARN_QUOTED_INCLUDE_IN_FRAMEWORK_HEADER = YES;
				CLANG_WARN_RANGE_LOOP_ANALYSIS = YES;
				CLANG_WARN_STRICT_PROTOTYPES = YES;
				CLANG_WARN_SUSPICIOUS_MOVE = YES;
				CLANG_WARN_UNGUARDED_AVAILABILITY = YES_AGGRESSIVE;
				CLANG_WARN_UNREACHABLE_CODE = YES;
				CLANG_WARN__DUPLICATE_METHOD_MATCH = YES;
				COPY_PHASE_STRIP = NO;
				DEBUG_INFORMATION_FORMAT = dwarf;
				ENABLE_STRICT_OBJC_MSGSEND = YES;
				ENABLE_TESTABILITY = YES;
				GCC_C_LANGUAGE_STANDARD = gnu11;
				GCC_DYNAMIC_NO_PIC = NO;
				GCC_NO_COMMON_BLOCKS = YES;
				GCC_OPTIMIZATION_LEVEL = 0;
				GCC_PREPROCESSOR_DEFINITIONS = (
					"DEBUG=1",
					"$(inherited)",
				);
				GCC_WARN_64_TO_32_BIT_CONVERSION = YES;
				GCC_WARN_ABOUT_RETURN_TYPE = YES_ERROR;
				GCC_WARN_UNDECLARED_SELECTOR = YES;
				GCC_WARN_UNINITIALIZED_AUTOS = YES_AGGRESSIVE;
				GCC_WARN_UNUSED_FUNCTION = YES;
				GCC_WARN_UNUSED_VARIABLE = YES;
				IPHONEOS_DEPLOYMENT_TARGET = 16.2;
				MTL_ENABLE_DEBUG_INFO = INCLUDE_SOURCE;
				MTL_FAST_MATH = YES;
				ONLY_ACTIVE_ARCH = YES;
				SDKROOT = iphoneos;
				SWIFT_ACTIVE_COMPILATION_CONDITIONS = DEBUG;
				SWIFT_OPTIMIZATION_LEVEL = "-Onone";
			};
			name = Debug;
		};
		5C40FF162A4E738A0044F41B /* Release */ = {
			isa = XCBuildConfiguration;
			buildSettings = {
				ALWAYS_SEARCH_USER_PATHS = NO;
				CLANG_ANALYZER_NONNULL = YES;
				CLANG_ANALYZER_NUMBER_OBJECT_CONVERSION = YES_AGGRESSIVE;
				CLANG_CXX_LANGUAGE_STANDARD = "gnu++20";
				CLANG_ENABLE_MODULES = YES;
				CLANG_ENABLE_OBJC_ARC = YES;
				CLANG_ENABLE_OBJC_WEAK = YES;
				CLANG_WARN_BLOCK_CAPTURE_AUTORELEASING = YES;
				CLANG_WARN_BOOL_CONVERSION = YES;
				CLANG_WARN_COMMA = YES;
				CLANG_WARN_CONSTANT_CONVERSION = YES;
				CLANG_WARN_DEPRECATED_OBJC_IMPLEMENTATIONS = YES;
				CLANG_WARN_DIRECT_OBJC_ISA_USAGE = YES_ERROR;
				CLANG_WARN_DOCUMENTATION_COMMENTS = YES;
				CLANG_WARN_EMPTY_BODY = YES;
				CLANG_WARN_ENUM_CONVERSION = YES;
				CLANG_WARN_INFINITE_RECURSION = YES;
				CLANG_WARN_INT_CONVERSION = YES;
				CLANG_WARN_NON_LITERAL_NULL_CONVERSION = YES;
				CLANG_WARN_OBJC_IMPLICIT_RETAIN_SELF = YES;
				CLANG_WARN_OBJC_LITERAL_CONVERSION = YES;
				CLANG_WARN_OBJC_ROOT_CLASS = YES_ERROR;
				CLANG_WARN_QUOTED_INCLUDE_IN_FRAMEWORK_HEADER = YES;
				CLANG_WARN_RANGE_LOOP_ANALYSIS = YES;
				CLANG_WARN_STRICT_PROTOTYPES = YES;
				CLANG_WARN_SUSPICIOUS_MOVE = YES;
				CLANG_WARN_UNGUARDED_AVAILABILITY = YES_AGGRESSIVE;
				CLANG_WARN_UNREACHABLE_CODE = YES;
				CLANG_WARN__DUPLICATE_METHOD_MATCH = YES;
				COPY_PHASE_STRIP = NO;
				DEBUG_INFORMATION_FORMAT = "dwarf-with-dsym";
				ENABLE_NS_ASSERTIONS = NO;
				ENABLE_STRICT_OBJC_MSGSEND = YES;
				GCC_C_LANGUAGE_STANDARD = gnu11;
				GCC_NO_COMMON_BLOCKS = YES;
				GCC_WARN_64_TO_32_BIT_CONVERSION = YES;
				GCC_WARN_ABOUT_RETURN_TYPE = YES_ERROR;
				GCC_WARN_UNDECLARED_SELECTOR = YES;
				GCC_WARN_UNINITIALIZED_AUTOS = YES_AGGRESSIVE;
				GCC_WARN_UNUSED_FUNCTION = YES;
				GCC_WARN_UNUSED_VARIABLE = YES;
				IPHONEOS_DEPLOYMENT_TARGET = 16.2;
				MTL_ENABLE_DEBUG_INFO = NO;
				MTL_FAST_MATH = YES;
				SDKROOT = iphoneos;
				SWIFT_COMPILATION_MODE = wholemodule;
				SWIFT_OPTIMIZATION_LEVEL = "-O";
				VALIDATE_PRODUCT = YES;
			};
			name = Release;
		};
		5C40FF182A4E738A0044F41B /* Debug */ = {
			isa = XCBuildConfiguration;
			baseConfigurationReference = D484F87710FD0763C9C23DC7 /* Pods-Realm-Learning.debug.xcconfig */;
			buildSettings = {
				ASSETCATALOG_COMPILER_APPICON_NAME = AppIcon;
				ASSETCATALOG_COMPILER_GLOBAL_ACCENT_COLOR_NAME = AccentColor;
				CODE_SIGN_STYLE = Automatic;
				CURRENT_PROJECT_VERSION = 1;
				DEVELOPMENT_TEAM = AL5596JXF3;
				GENERATE_INFOPLIST_FILE = YES;
				INFOPLIST_FILE = "Realm-Learning/Info.plist";
				INFOPLIST_KEY_UIApplicationSupportsIndirectInputEvents = YES;
				INFOPLIST_KEY_UILaunchStoryboardName = LaunchScreen;
				INFOPLIST_KEY_UIMainStoryboardFile = Main;
				INFOPLIST_KEY_UISupportedInterfaceOrientations_iPad = "UIInterfaceOrientationPortrait UIInterfaceOrientationPortraitUpsideDown UIInterfaceOrientationLandscapeLeft UIInterfaceOrientationLandscapeRight";
				INFOPLIST_KEY_UISupportedInterfaceOrientations_iPhone = "UIInterfaceOrientationPortrait UIInterfaceOrientationLandscapeLeft UIInterfaceOrientationLandscapeRight";
				LD_RUNPATH_SEARCH_PATHS = (
					"$(inherited)",
					"@executable_path/Frameworks",
				);
				MARKETING_VERSION = 1.0;
				PRODUCT_BUNDLE_IDENTIFIER = "tienviet.Realm-Learning";
				PRODUCT_NAME = "$(TARGET_NAME)";
				SWIFT_EMIT_LOC_STRINGS = YES;
				SWIFT_VERSION = 5.0;
				TARGETED_DEVICE_FAMILY = "1,2";
			};
			name = Debug;
		};
		5C40FF192A4E738A0044F41B /* Release */ = {
			isa = XCBuildConfiguration;
			baseConfigurationReference = C01D4295B09C5252016D9AE6 /* Pods-Realm-Learning.release.xcconfig */;
			buildSettings = {
				ASSETCATALOG_COMPILER_APPICON_NAME = AppIcon;
				ASSETCATALOG_COMPILER_GLOBAL_ACCENT_COLOR_NAME = AccentColor;
				CODE_SIGN_STYLE = Automatic;
				CURRENT_PROJECT_VERSION = 1;
				DEVELOPMENT_TEAM = AL5596JXF3;
				GENERATE_INFOPLIST_FILE = YES;
				INFOPLIST_FILE = "Realm-Learning/Info.plist";
				INFOPLIST_KEY_UIApplicationSupportsIndirectInputEvents = YES;
				INFOPLIST_KEY_UILaunchStoryboardName = LaunchScreen;
				INFOPLIST_KEY_UIMainStoryboardFile = Main;
				INFOPLIST_KEY_UISupportedInterfaceOrientations_iPad = "UIInterfaceOrientationPortrait UIInterfaceOrientationPortraitUpsideDown UIInterfaceOrientationLandscapeLeft UIInterfaceOrientationLandscapeRight";
				INFOPLIST_KEY_UISupportedInterfaceOrientations_iPhone = "UIInterfaceOrientationPortrait UIInterfaceOrientationLandscapeLeft UIInterfaceOrientationLandscapeRight";
				LD_RUNPATH_SEARCH_PATHS = (
					"$(inherited)",
					"@executable_path/Frameworks",
				);
				MARKETING_VERSION = 1.0;
				PRODUCT_BUNDLE_IDENTIFIER = "tienviet.Realm-Learning";
				PRODUCT_NAME = "$(TARGET_NAME)";
				SWIFT_EMIT_LOC_STRINGS = YES;
				SWIFT_VERSION = 5.0;
				TARGETED_DEVICE_FAMILY = "1,2";
			};
			name = Release;
		};
/* End XCBuildConfiguration section */

/* Begin XCConfigurationList section */
		5C40FEFE2A4E73890044F41B /* Build configuration list for PBXProject "Realm-Learning" */ = {
			isa = XCConfigurationList;
			buildConfigurations = (
				5C40FF152A4E738A0044F41B /* Debug */,
				5C40FF162A4E738A0044F41B /* Release */,
			);
			defaultConfigurationIsVisible = 0;
			defaultConfigurationName = Release;
		};
		5C40FF172A4E738A0044F41B /* Build configuration list for PBXNativeTarget "Realm-Learning" */ = {
			isa = XCConfigurationList;
			buildConfigurations = (
				5C40FF182A4E738A0044F41B /* Debug */,
				5C40FF192A4E738A0044F41B /* Release */,
			);
			defaultConfigurationIsVisible = 0;
			defaultConfigurationName = Release;
		};
/* End XCConfigurationList section */
	};
	rootObject = 5C40FEFB2A4E73890044F41B /* Project object */;
}
